
Microsoft Visual Studio Solution File, Format Version 12.00
# Visual Studio Version 16
VisualStudioVersion = 16.0.31321.278
MinimumVisualStudioVersion = 10.0.40219.1
Project("{FAE04EC0-301F-11D3-BF4B-00C04F79EFBC}") = "WebApplication24", "WebApplication24\WebApplication24.csproj", "{2B4E8AF4-F89F-402D-B52C-82B837175425}"
EndProject
Global
	GlobalSection(SolutionConfigurationPlatforms) = preSolution
		Debug|Any CPU = Debug|Any CPU
		Release|Any CPU = Release|Any CPU
	EndGlobalSection
	GlobalSection(ProjectConfigurationPlatforms) = postSolution
		{2B4E8AF4-F89F-402D-B52C-82B837175425}.Debug|Any CPU.ActiveCfg = Debug|Any CPU
		{2B4E8AF4-F89F-402D-B52C-82B837175425}.Debug|Any CPU.Build.0 = Debug|Any CPU
		{2B4E8AF4-F89F-402D-B52C-82B837175425}.Release|Any CPU.ActiveCfg = Release|Any CPU
		{2B4E8AF4-F89F-402D-B52C-82B837175425}.Release|Any CPU.Build.0 = Release|Any CPU
	EndGlobalSection
	GlobalSection(SolutionProperties) = preSolution
		HideSolutionNode = FALSE
	EndGlobalSection
	GlobalSection(ExtensibilityGlobals) = postSolution
		SolutionGuid = {B251C498-39CC-4248-80BD-3C9E132ABBC9}
	EndGlobalSection
EndGlobal
